
Microsoft Visual Studio Solution File, Format Version 12.00
# Visual Studio 15
VisualStudioVersion = 15.0.28307.106
MinimumVisualStudioVersion = 10.0.40219.1
Project("{FAE04EC0-301F-11D3-BF4B-00C04F79EFBC}") = "SwissTransport", "src\SwissTransport\SwissTransport.csproj", "{D0262178-A48F-4DE0-807B-E76B63E39421}"
EndProject
Project("{FAE04EC0-301F-11D3-BF4B-00C04F79EFBC}") = "SwissTransportTest", "tests\SwissTransportTest\SwissTransportTest.csproj", "{959C6E54-5B1C-40F5-938A-C57B17451421}"
EndProject
Project("{2150E333-8FDC-42A3-9474-1A3956D46DE8}") = "doc", "doc", "{C5396B55-D8FB-4E46-8825-FDCFDF84279F}"
	ProjectSection(SolutionItems) = preProject
		Doc.Lino.docx = Doc.Lino.docx
	EndProjectSection
EndProject
Project("{FAE04EC0-301F-11D3-BF4B-00C04F79EFBC}") = "user interface", "user interface\user interface.csproj", "{2A8A4350-0FE4-4696-B6CA-5DB290E6C106}"
EndProject
Project("{54435603-DBB4-11D2-8724-00A0C9A8B90C}") = "Setup_FahrplanLino", "Setup_FahrplanLino\Setup_FahrplanLino.vdproj", "{84D2FB8A-4488-45BA-ADE9-C370E53C9161}"
EndProject
Global
	GlobalSection(SolutionConfigurationPlatforms) = preSolution
		Debug|Any CPU = Debug|Any CPU
		Release|Any CPU = Release|Any CPU
	EndGlobalSection
	GlobalSection(ProjectConfigurationPlatforms) = postSolution
		{D0262178-A48F-4DE0-807B-E76B63E39421}.Debug|Any CPU.ActiveCfg = Debug|Any CPU
		{D0262178-A48F-4DE0-807B-E76B63E39421}.Debug|Any CPU.Build.0 = Debug|Any CPU
		{D0262178-A48F-4DE0-807B-E76B63E39421}.Release|Any CPU.ActiveCfg = Release|Any CPU
		{D0262178-A48F-4DE0-807B-E76B63E39421}.Release|Any CPU.Build.0 = Release|Any CPU
		{959C6E54-5B1C-40F5-938A-C57B17451421}.Debug|Any CPU.ActiveCfg = Debug|Any CPU
		{959C6E54-5B1C-40F5-938A-C57B17451421}.Debug|Any CPU.Build.0 = Debug|Any CPU
		{959C6E54-5B1C-40F5-938A-C57B17451421}.Release|Any CPU.ActiveCfg = Release|Any CPU
		{959C6E54-5B1C-40F5-938A-C57B17451421}.Release|Any CPU.Build.0 = Release|Any CPU
		{2A8A4350-0FE4-4696-B6CA-5DB290E6C106}.Debug|Any CPU.ActiveCfg = Debug|Any CPU
		{2A8A4350-0FE4-4696-B6CA-5DB290E6C106}.Debug|Any CPU.Build.0 = Debug|Any CPU
		{2A8A4350-0FE4-4696-B6CA-5DB290E6C106}.Release|Any CPU.ActiveCfg = Release|Any CPU
		{2A8A4350-0FE4-4696-B6CA-5DB290E6C106}.Release|Any CPU.Build.0 = Release|Any CPU
		{84D2FB8A-4488-45BA-ADE9-C370E53C9161}.Debug|Any CPU.ActiveCfg = Debug
		{84D2FB8A-4488-45BA-ADE9-C370E53C9161}.Release|Any CPU.ActiveCfg = Release
	EndGlobalSection
	GlobalSection(SolutionProperties) = preSolution
		HideSolutionNode = FALSE
	EndGlobalSection
	GlobalSection(ExtensibilityGlobals) = postSolution
		SolutionGuid = {71DF3F37-9F1C-4342-9C76-4BA1DE970293}
	EndGlobalSection
EndGlobal
